PODS:
  - Alamofire (4.5.1)
  - AlamofireImage (3.3.0):
    - Alamofire (~> 4.5)
  - Bolts/Tasks (1.8.4)
  - Parse (1.15.3):
    - Bolts/Tasks (~> 1.8)

DEPENDENCIES:
  - AlamofireImage (~> 3.3)
  - Parse

SPEC CHECKSUMS:
  Alamofire: 2d95912bf4c34f164fdfc335872e8c312acaea4a
  AlamofireImage: 2e784dc5d00f04903a52c1d169181469c805c3df
  Bolts: 8a7995239dbe724f9cba2248b766d48b7ebdd322
  Parse: cdc0f1f975ee8be0409e66f21b05df4ae067047c

PODFILE CHECKSUM: cb352a21a79f3371ff12c9a0b3cd413aedffb401

COCOAPODS: 1.3.1
